
Microsoft Visual Studio Solution File, Format Version 12.00
# Visual Studio Version 17
VisualStudioVersion = 17.8.34525.116
MinimumVisualStudioVersion = 10.0.40219.1
Project("{FAE04EC0-301F-11D3-BF4B-00C04F79EFBC}") = "Topic 6 - Menu, for and while", "Topic 6 - Menu, for and while.csproj", "{2A613B1A-9804-4675-8C50-722781B281BA}"
EndProject
Global
	GlobalSection(SolutionConfigurationPlatforms) = preSolution
		Debug|Any CPU = Debug|Any CPU
		Release|Any CPU = Release|Any CPU
	EndGlobalSection
	GlobalSection(ProjectConfigurationPlatforms) = postSolution
		{2A613B1A-9804-4675-8C50-722781B281BA}.Debug|Any CPU.ActiveCfg = Debug|Any CPU
		{2A613B1A-9804-4675-8C50-722781B281BA}.Debug|Any CPU.Build.0 = Debug|Any CPU
		{2A613B1A-9804-4675-8C50-722781B281BA}.Release|Any CPU.ActiveCfg = Release|Any CPU
		{2A613B1A-9804-4675-8C50-722781B281BA}.Release|Any CPU.Build.0 = Release|Any CPU
	EndGlobalSection
	GlobalSection(SolutionProperties) = preSolution
		HideSolutionNode = FALSE
	EndGlobalSection
	GlobalSection(ExtensibilityGlobals) = postSolution
		SolutionGuid = {0E521C2B-8FB8-4408-BDFF-3708C4E9E3DB}
	EndGlobalSection
EndGlobal
